
Microsoft Visual Studio Solution File, Format Version 12.00
# Visual Studio Version 17
VisualStudioVersion = 17.10.34928.147
MinimumVisualStudioVersion = 10.0.40219.1
Project("{8BC9CEB8-8B4A-11D0-8D11-00A0C91BC942}") = "05. Inheritance", "..\05. Inheritance\05. Inheritance.vcxproj", "{9A392377-6D4C-4695-8EB3-61BD0D4F899D}"
EndProject
Project("{8BC9CEB8-8B4A-11D0-8D11-00A0C91BC942}") = "01. globalAndLocalScope", "globarAndLocalScope\globarAndLocalScope.vcxproj", "{EF842ABA-98E7-4579-86FC-421834330EDD}"
EndProject
Project("{8BC9CEB8-8B4A-11D0-8D11-00A0C91BC942}") = "02. ClassScope", "ClassScope\ClassScope.vcxproj", "{007928AB-B6A4-4899-8A01-045BFECCA4C1}"
EndProject
Project("{8BC9CEB8-8B4A-11D0-8D11-00A0C91BC942}") = "03. Namespace", "03. Namespace\03. Namespace.vcxproj", "{DAD3409B-BF5C-4FB5-ABCA-767770E78A40}"
EndProject
Project("{8BC9CEB8-8B4A-11D0-8D11-00A0C91BC942}") = "04. Method definition outside Class", "04. Method definition outside Class\04. Method definition outside Class.vcxproj", "{66F361F1-37B8-4D1D-AE5B-F1ECAB0AB471}"
EndProject
Global
	GlobalSection(SolutionConfigurationPlatforms) = preSolution
		Debug|x64 = Debug|x64
		Debug|x86 = Debug|x86
		Release|x64 = Release|x64
		Release|x86 = Release|x86
	EndGlobalSection
	GlobalSection(ProjectConfigurationPlatforms) = postSolution
		{9A392377-6D4C-4695-8EB3-61BD0D4F899D}.Debug|x64.ActiveCfg = Debug|x64
		{9A392377-6D4C-4695-8EB3-61BD0D4F899D}.Debug|x64.Build.0 = Debug|x64
		{9A392377-6D4C-4695-8EB3-61BD0D4F899D}.Debug|x86.ActiveCfg = Debug|Win32
		{9A392377-6D4C-4695-8EB3-61BD0D4F899D}.Debug|x86.Build.0 = Debug|Win32
		{9A392377-6D4C-4695-8EB3-61BD0D4F899D}.Release|x64.ActiveCfg = Release|x64
		{9A392377-6D4C-4695-8EB3-61BD0D4F899D}.Release|x64.Build.0 = Release|x64
		{9A392377-6D4C-4695-8EB3-61BD0D4F899D}.Release|x86.ActiveCfg = Release|Win32
		{9A392377-6D4C-4695-8EB3-61BD0D4F899D}.Release|x86.Build.0 = Release|Win32
		{EF842ABA-98E7-4579-86FC-421834330EDD}.Debug|x64.ActiveCfg = Debug|x64
		{EF842ABA-98E7-4579-86FC-421834330EDD}.Debug|x64.Build.0 = Debug|x64
		{EF842ABA-98E7-4579-86FC-421834330EDD}.Debug|x86.ActiveCfg = Debug|Win32
		{EF842ABA-98E7-4579-86FC-421834330EDD}.Debug|x86.Build.0 = Debug|Win32
		{EF842ABA-98E7-4579-86FC-421834330EDD}.Release|x64.ActiveCfg = Release|x64
		{EF842ABA-98E7-4579-86FC-421834330EDD}.Release|x64.Build.0 = Release|x64
		{EF842ABA-98E7-4579-86FC-421834330EDD}.Release|x86.ActiveCfg = Release|Win32
		{EF842ABA-98E7-4579-86FC-421834330EDD}.Release|x86.Build.0 = Release|Win32
		{007928AB-B6A4-4899-8A01-045BFECCA4C1}.Debug|x64.ActiveCfg = Debug|x64
		{007928AB-B6A4-4899-8A01-045BFECCA4C1}.Debug|x64.Build.0 = Debug|x64
		{007928AB-B6A4-4899-8A01-045BFECCA4C1}.Debug|x86.ActiveCfg = Debug|Win32
		{007928AB-B6A4-4899-8A01-045BFECCA4C1}.Debug|x86.Build.0 = Debug|Win32
		{007928AB-B6A4-4899-8A01-045BFECCA4C1}.Release|x64.ActiveCfg = Release|x64
		{007928AB-B6A4-4899-8A01-045BFECCA4C1}.Release|x64.Build.0 = Release|x64
		{007928AB-B6A4-4899-8A01-045BFECCA4C1}.Release|x86.ActiveCfg = Release|Win32
		{007928AB-B6A4-4899-8A01-045BFECCA4C1}.Release|x86.Build.0 = Release|Win32
		{DAD3409B-BF5C-4FB5-ABCA-767770E78A40}.Debug|x64.ActiveCfg = Debug|x64
		{DAD3409B-BF5C-4FB5-ABCA-767770E78A40}.Debug|x64.Build.0 = Debug|x64
		{DAD3409B-BF5C-4FB5-ABCA-767770E78A40}.Debug|x86.ActiveCfg = Debug|Win32
		{DAD3409B-BF5C-4FB5-ABCA-767770E78A40}.Debug|x86.Build.0 = Debug|Win32
		{DAD3409B-BF5C-4FB5-ABCA-767770E78A40}.Release|x64.ActiveCfg = Release|x64
		{DAD3409B-BF5C-4FB5-ABCA-767770E78A40}.Release|x64.Build.0 = Release|x64
		{DAD3409B-BF5C-4FB5-ABCA-767770E78A40}.Release|x86.ActiveCfg = Release|Win32
		{DAD3409B-BF5C-4FB5-ABCA-767770E78A40}.Release|x86.Build.0 = Release|Win32
		{66F361F1-37B8-4D1D-AE5B-F1ECAB0AB471}.Debug|x64.ActiveCfg = Debug|x64
		{66F361F1-37B8-4D1D-AE5B-F1ECAB0AB471}.Debug|x64.Build.0 = Debug|x64
		{66F361F1-37B8-4D1D-AE5B-F1ECAB0AB471}.Debug|x86.ActiveCfg = Debug|Win32
		{66F361F1-37B8-4D1D-AE5B-F1ECAB0AB471}.Debug|x86.Build.0 = Debug|Win32
		{66F361F1-37B8-4D1D-AE5B-F1ECAB0AB471}.Release|x64.ActiveCfg = Release|x64
		{66F361F1-37B8-4D1D-AE5B-F1ECAB0AB471}.Release|x64.Build.0 = Release|x64
		{66F361F1-37B8-4D1D-AE5B-F1ECAB0AB471}.Release|x86.ActiveCfg = Release|Win32
		{66F361F1-37B8-4D1D-AE5B-F1ECAB0AB471}.Release|x86.Build.0 = Release|Win32
	EndGlobalSection
	GlobalSection(SolutionProperties) = preSolution
		HideSolutionNode = FALSE
	EndGlobalSection
	GlobalSection(ExtensibilityGlobals) = postSolution
		SolutionGuid = {43FE0BA8-B3FF-4CFA-9A9D-4E5008D382CC}
	EndGlobalSection
EndGlobal
